
Microsoft Visual Studio Solution File, Format Version 12.00
# Visual Studio Version 16
VisualStudioVersion = 16.0.30804.86
MinimumVisualStudioVersion = 10.0.40219.1
Project("{9A19103F-16F7-4668-BE54-9A1E7A4F7556}") = "Crypto Server", "Crypto Server.csproj", "{0533E1F8-F32E-49AF-84AE-C4D1391FEA73}"
EndProject
Project("{FAE04EC0-301F-11D3-BF4B-00C04F79EFBC}") = "Marketstore.Core", "..\Marketstore.Core\Marketstore.Core.csproj", "{267FBFD3-EDD7-4C81-B868-D9C82B4F58B9}"
EndProject
Global
	GlobalSection(SolutionConfigurationPlatforms) = preSolution
		Debug|Any CPU = Debug|Any CPU
		Release|Any CPU = Release|Any CPU
	EndGlobalSection
	GlobalSection(ProjectConfigurationPlatforms) = postSolution
		{0533E1F8-F32E-49AF-84AE-C4D1391FEA73}.Debug|Any CPU.ActiveCfg = Debug|Any CPU
		{0533E1F8-F32E-49AF-84AE-C4D1391FEA73}.Debug|Any CPU.Build.0 = Debug|Any CPU
		{0533E1F8-F32E-49AF-84AE-C4D1391FEA73}.Release|Any CPU.ActiveCfg = Release|Any CPU
		{0533E1F8-F32E-49AF-84AE-C4D1391FEA73}.Release|Any CPU.Build.0 = Release|Any CPU
		{267FBFD3-EDD7-4C81-B868-D9C82B4F58B9}.Debug|Any CPU.ActiveCfg = Debug|Any CPU
		{267FBFD3-EDD7-4C81-B868-D9C82B4F58B9}.Debug|Any CPU.Build.0 = Debug|Any CPU
		{267FBFD3-EDD7-4C81-B868-D9C82B4F58B9}.Release|Any CPU.ActiveCfg = Release|Any CPU
		{267FBFD3-EDD7-4C81-B868-D9C82B4F58B9}.Release|Any CPU.Build.0 = Release|Any CPU
	EndGlobalSection
	GlobalSection(SolutionProperties) = preSolution
		HideSolutionNode = FALSE
	EndGlobalSection
	GlobalSection(ExtensibilityGlobals) = postSolution
		SolutionGuid = {B421FA26-FDBB-4501-B15D-19FAA088EF1B}
	EndGlobalSection
EndGlobal
